// !$*UTF8*$!
{
	archiveVersion = 1;
	classes = {
	};
	objectVersion = 56;
	objects = {

/* Begin PBXBuildFile section */
		847FEB9A2C4C30710020112F /* notiApp.swift in Sources */ = {isa = PBXBuildFile; fileRef = 847FEB992C4C30710020112F /* notiApp.swift */; };
		847FEB9C2C4C30710020112F /* ContentView.swift in Sources */ = {isa = PBXBuildFile; fileRef = 847FEB9B2C4C30710020112F /* ContentView.swift */; };
		847FEB9E2C4C30730020112F /* Assets.xcassets in Resources */ = {isa = PBXBuildFile; fileRef = 847FEB9D2C4C30730020112F /* Assets.xcassets */; };
		847FEBA12C4C30730020112F /* Preview Assets.xcassets in Resources */ = {isa = PBXBuildFile; fileRef = 847FEBA02C4C30730020112F /* Preview Assets.xcassets */; };
		847FEBAB2C4C30740020112F /* notiTests.swift in Sources */ = {isa = PBXBuildFile; fileRef = 847FEBAA2C4C30740020112F /* notiTests.swift */; };
		847FEBB52C4C30740020112F /* notiUITests.swift in Sources */ = {isa = PBXBuildFile; fileRef = 847FEBB42C4C30740020112F /* notiUITests.swift */; };
		847FEBB72C4C30740020112F /* notiUITestsLaunchTests.swift in Sources */ = {isa = PBXBuildFile; fileRef = 847FEBB62C4C30740020112F /* notiUITestsLaunchTests.swift */; };
		847FEBC42C4C30C80020112F /* NotificationManager.swift in Sources */ = {isa = PBXBuildFile; fileRef = 847FEBC32C4C30C80020112F /* NotificationManager.swift */; };
		847FEBCA2C4C34300020112F /* AppDelegate.swift in Sources */ = {isa = PBXBuildFile; fileRef = 847FEBC92C4C34300020112F /* AppDelegate.swift */; };
/* End PBXBuildFile section */

/* Begin PBXContainerItemProxy section */
		847FEBA72C4C30740020112F /* PBXContainerItemProxy */ = {
			isa = PBXContainerItemProxy;
			containerPortal = 847FEB8E2C4C30700020112F /* Project object */;
			proxyType = 1;
			remoteGlobalIDString = 847FEB952C4C30700020112F;
			remoteInfo = noti;
		};
		847FEBB12C4C30740020112F /* PBXContainerItemProxy */ = {
			isa = PBXContainerItemProxy;
			containerPortal = 847FEB8E2C4C30700020112F /* Project object */;
			proxyType = 1;
			remoteGlobalIDString = 847FEB952C4C30700020112F;
			remoteInfo = noti;
		};
/* End PBXContainerItemProxy section */

/* Begin PBXFileReference section */
		847FEB962C4C30700020112F /* noti.app */ = {isa = PBXFileReference; explicitFileType = wrapper.application; includeInIndex = 0; path = noti.app; sourceTree = BUILT_PRODUCTS_DIR; };
		847FEB992C4C30710020112F /* notiApp.swift */ = {isa = PBXFileReference; lastKnownFileType = sourcecode.swift; path = notiApp.swift; sourceTree = "<group>"; };
		847FEB9B2C4C30710020112F /* ContentView.swift */ = {isa = PBXFileReference; lastKnownFileType = sourcecode.swift; path = ContentView.swift; sourceTree = "<group>"; };
		847FEB9D2C4C30730020112F /* Assets.xcassets */ = {isa = PBXFileReference; lastKnownFileType = folder.assetcatalog; path = Assets.xcassets; sourceTree = "<group>"; };
		847FEBA02C4C30730020112F /* Preview Assets.xcassets */ = {isa = PBXFileReference; lastKnownFileType = folder.assetcatalog; path = "Preview Assets.xcassets"; sourceTree = "<group>"; };
		847FEBA62C4C30740020112F /* notiTests.xctest */ = {isa = PBXFileReference; explicitFileType = wrapper.cfbundle; includeInIndex = 0; path = notiTests.xctest; sourceTree = BUILT_PRODUCTS_DIR; };
		847FEBAA2C4C30740020112F /* notiTests.swift */ = {isa = PBXFileReference; lastKnownFileType = sourcecode.swift; path = notiTests.swift; sourceTree = "<group>"; };
		847FEBB02C4C30740020112F /* notiUITests.xctest */ = {isa = PBXFileReference; explicitFileType = wrapper.cfbundle; includeInIndex = 0; path = notiUITests.xctest; sourceTree = BUILT_PRODUCTS_DIR; };
		847FEBB42C4C30740020112F /* notiUITests.swift */ = {isa = PBXFileReference; lastKnownFileType = sourcecode.swift; path = notiUITests.swift; sourceTree = "<group>"; };
		847FEBB62C4C30740020112F /* notiUITestsLaunchTests.swift */ = {isa = PBXFileReference; lastKnownFileType = sourcecode.swift; path = notiUITestsLaunchTests.swift; sourceTree = "<group>"; };
		847FEBC32C4C30C80020112F /* NotificationManager.swift */ = {isa = PBXFileReference; lastKnownFileType = sourcecode.swift; path = NotificationManager.swift; sourceTree = "<group>"; };
		847FEBC92C4C34300020112F /* AppDelegate.swift */ = {isa = PBXFileReference; lastKnownFileType = sourcecode.swift; path = AppDelegate.swift; sourceTree = "<group>"; };
		847FEBCB2C4C46800020112F /* mahoa.h */ = {isa = PBXFileReference; fileEncoding = 4; lastKnownFileType = sourcecode.c.h; name = mahoa.h; path = ../../../Downloads/mahoa.h; sourceTree = "<group>"; };
/* End PBXFileReference section */

/* Begin PBXFrameworksBuildPhase section */
		847FEB932C4C30700020112F /* Frameworks */ = {
			isa = PBXFrameworksBuildPhase;
			buildActionMask = 2147483647;
			files = (
			);
			runOnlyForDeploymentPostprocessing = 0;
		};
		847FEBA32C4C30740020112F /* Frameworks */ = {
			isa = PBXFrameworksBuildPhase;
			buildActionMask = 2147483647;
			files = (
			);
			runOnlyForDeploymentPostprocessing = 0;
		};
		847FEBAD2C4C30740020112F /* Frameworks */ = {
			isa = PBXFrameworksBuildPhase;
			buildActionMask = 2147483647;
			files = (
			);
			runOnlyForDeploymentPostprocessing = 0;
		};
/* End PBXFrameworksBuildPhase section */

/* Begin PBXGroup section */
		847FEB8D2C4C30700020112F = {
			isa = PBXGroup;
			children = (
				847FEB982C4C30710020112F /* noti */,
				847FEBA92C4C30740020112F /* notiTests */,
				847FEBB32C4C30740020112F /* notiUITests */,
				847FEB972C4C30700020112F /* Products */,
			);
			sourceTree = "<group>";
		};
		847FEB972C4C30700020112F /* Products */ = {
			isa = PBXGroup;
			children = (
				847FEB962C4C30700020112F /* noti.app */,
				847FEBA62C4C30740020112F /* notiTests.xctest */,
				847FEBB02C4C30740020112F /* notiUITests.xctest */,
			);
			name = Products;
			sourceTree = "<group>";
		};
		847FEB982C4C30710020112F /* noti */ = {
			isa = PBXGroup;
			children = (
				847FEBCB2C4C46800020112F /* mahoa.h */,
				847FEB992C4C30710020112F /* notiApp.swift */,
				847FEB9B2C4C30710020112F /* ContentView.swift */,
				847FEB9D2C4C30730020112F /* Assets.xcassets */,
				847FEB9F2C4C30730020112F /* Preview Content */,
				847FEBC32C4C30C80020112F /* NotificationManager.swift */,
				847FEBC92C4C34300020112F /* AppDelegate.swift */,
			);
			path = noti;
			sourceTree = "<group>";
		};
		847FEB9F2C4C30730020112F /* Preview Content */ = {
			isa = PBXGroup;
			children = (
				847FEBA02C4C30730020112F /* Preview Assets.xcassets */,
			);
			path = "Preview Content";
			sourceTree = "<group>";
		};
		847FEBA92C4C30740020112F /* notiTests */ = {
			isa = PBXGroup;
			children = (
				847FEBAA2C4C30740020112F /* notiTests.swift */,
			);
			path = notiTests;
			sourceTree = "<group>";
		};
		847FEBB32C4C30740020112F /* notiUITests */ = {
			isa = PBXGroup;
			children = (
				847FEBB42C4C30740020112F /* notiUITests.swift */,
				847FEBB62C4C30740020112F /* notiUITestsLaunchTests.swift */,
			);
			path = notiUITests;
			sourceTree = "<group>";
		};
/* End PBXGroup section */

/* Begin PBXNativeTarget section */
		847FEB952C4C30700020112F /* noti */ = {
			isa = PBXNativeTarget;
			buildConfigurationList = 847FEBBA2C4C30740020112F /* Build configuration list for PBXNativeTarget "noti" */;
			buildPhases = (
				847FEB922C4C30700020112F /* Sources */,
				847FEB932C4C30700020112F /* Frameworks */,
				847FEB942C4C30700020112F /* Resources */,
			);
			buildRules = (
			);
			dependencies = (
			);
			name = noti;
			productName = noti;
			productReference = 847FEB962C4C30700020112F /* noti.app */;
			productType = "com.apple.product-type.application";
		};
		847FEBA52C4C30740020112F /* notiTests */ = {
			isa = PBXNativeTarget;
			buildConfigurationList = 847FEBBD2C4C30740020112F /* Build configuration list for PBXNativeTarget "notiTests" */;
			buildPhases = (
				847FEBA22C4C30740020112F /* Sources */,
				847FEBA32C4C30740020112F /* Frameworks */,
				847FEBA42C4C30740020112F /* Resources */,
			);
			buildRules = (
			);
			dependencies = (
				847FEBA82C4C30740020112F /* PBXTargetDependency */,
			);
			name = notiTests;
			productName = notiTests;
			productReference = 847FEBA62C4C30740020112F /* notiTests.xctest */;
			productType = "com.apple.product-type.bundle.unit-test";
		};
		847FEBAF2C4C30740020112F /* notiUITests */ = {
			isa = PBXNativeTarget;
			buildConfigurationList = 847FEBC02C4C30740020112F /* Build configuration list for PBXNativeTarget "notiUITests" */;
			buildPhases = (
				847FEBAC2C4C30740020112F /* Sources */,
				847FEBAD2C4C30740020112F /* Frameworks */,
				847FEBAE2C4C30740020112F /* Resources */,
			);
			buildRules = (
			);
			dependencies = (
				847FEBB22C4C30740020112F /* PBXTargetDependency */,
			);
			name = notiUITests;
			productName = notiUITests;
			productReference = 847FEBB02C4C30740020112F /* notiUITests.xctest */;
			productType = "com.apple.product-type.bundle.ui-testing";
		};
/* End PBXNativeTarget section */

/* Begin PBXProject section */
		847FEB8E2C4C30700020112F /* Project object */ = {
			isa = PBXProject;
			attributes = {
				BuildIndependentTargetsInParallel = 1;
				LastSwiftUpdateCheck = 1420;
				LastUpgradeCheck = 1420;
				TargetAttributes = {
					847FEB952C4C30700020112F = {
						CreatedOnToolsVersion = 14.2;
					};
					847FEBA52C4C30740020112F = {
						CreatedOnToolsVersion = 14.2;
						TestTargetID = 847FEB952C4C30700020112F;
					};
					847FEBAF2C4C30740020112F = {
						CreatedOnToolsVersion = 14.2;
						TestTargetID = 847FEB952C4C30700020112F;
					};
				};
			};
			buildConfigurationList = 847FEB912C4C30700020112F /* Build configuration list for PBXProject "noti" */;
			compatibilityVersion = "Xcode 14.0";
			developmentRegion = en;
			hasScannedForEncodings = 0;
			knownRegions = (
				en,
				Base,
			);
			mainGroup = 847FEB8D2C4C30700020112F;
			productRefGroup = 847FEB972C4C30700020112F /* Products */;
			projectDirPath = "";
			projectRoot = "";
			targets = (
				847FEB952C4C30700020112F /* noti */,
				847FEBA52C4C30740020112F /* notiTests */,
				847FEBAF2C4C30740020112F /* notiUITests */,
			);
		};
/* End PBXProject section */

/* Begin PBXResourcesBuildPhase section */
		847FEB942C4C30700020112F /* Resources */ = {
			isa = PBXResourcesBuildPhase;
			buildActionMask = 2147483647;
			files = (
				847FEBA12C4C30730020112F /* Preview Assets.xcassets in Resources */,
				847FEB9E2C4C30730020112F /* Assets.xcassets in Resources */,
			);
			runOnlyForDeploymentPostprocessing = 0;
		};
		847FEBA42C4C30740020112F /* Resources */ = {
			isa = PBXResourcesBuildPhase;
			buildActionMask = 2147483647;
			files = (
			);
			runOnlyForDeploymentPostprocessing = 0;
		};
		847FEBAE2C4C30740020112F /* Resources */ = {
			isa = PBXResourcesBuildPhase;
			buildActionMask = 2147483647;
			files = (
			);
			runOnlyForDeploymentPostprocessing = 0;
		};
/* End PBXResourcesBuildPhase section */

/* Begin PBXSourcesBuildPhase section */
		847FEB922C4C30700020112F /* Sources */ = {
			isa = PBXSourcesBuildPhase;
			buildActionMask = 2147483647;
			files = (
				847FEBCA2C4C34300020112F /* AppDelegate.swift in Sources */,
				847FEBC42C4C30C80020112F /* NotificationManager.swift in Sources */,
				847FEB9C2C4C30710020112F /* ContentView.swift in Sources */,
				847FEB9A2C4C30710020112F /* notiApp.swift in Sources */,
			);
			runOnlyForDeploymentPostprocessing = 0;
		};
		847FEBA22C4C30740020112F /* Sources */ = {
			isa = PBXSourcesBuildPhase;
			buildActionMask = 2147483647;
			files = (
				847FEBAB2C4C30740020112F /* notiTests.swift in Sources */,
			);
			runOnlyForDeploymentPostprocessing = 0;
		};
		847FEBAC2C4C30740020112F /* Sources */ = {
			isa = PBXSourcesBuildPhase;
			buildActionMask = 2147483647;
			files = (
				847FEBB72C4C30740020112F /* notiUITestsLaunchTests.swift in Sources */,
				847FEBB52C4C30740020112F /* notiUITests.swift in Sources */,
			);
			runOnlyForDeploymentPostprocessing = 0;
		};
/* End PBXSourcesBuildPhase section */

/* Begin PBXTargetDependency section */
		847FEBA82C4C30740020112F /* PBXTargetDependency */ = {
			isa = PBXTargetDependency;
			target = 847FEB952C4C30700020112F /* noti */;
			targetProxy = 847FEBA72C4C30740020112F /* PBXContainerItemProxy */;
		};
		847FEBB22C4C30740020112F /* PBXTargetDependency */ = {
			isa = PBXTargetDependency;
			target = 847FEB952C4C30700020112F /* noti */;
			targetProxy = 847FEBB12C4C30740020112F /* PBXContainerItemProxy */;
		};
/* End PBXTargetDependency section */

/* Begin XCBuildConfiguration section */
		847FEBB82C4C30740020112F /* Debug */ = {
			isa = XCBuildConfiguration;
			buildSettings = {
				ALWAYS_SEARCH_USER_PATHS = NO;
				CLANG_ANALYZER_NONNULL = YES;
				CLANG_ANALYZER_NUMBER_OBJECT_CONVERSION = YES_AGGRESSIVE;
				CLANG_CXX_LANGUAGE_STANDARD = "gnu++20";
				CLANG_ENABLE_MODULES = YES;
				CLANG_ENABLE_OBJC_ARC = YES;
				CLANG_ENABLE_OBJC_WEAK = YES;
				CLANG_WARN_BLOCK_CAPTURE_AUTORELEASING = YES;
				CLANG_WARN_BOOL_CONVERSION = YES;
				CLANG_WARN_COMMA = YES;
				CLANG_WARN_CONSTANT_CONVERSION = YES;
				CLANG_WARN_DEPRECATED_OBJC_IMPLEMENTATIONS = YES;
				CLANG_WARN_DIRECT_OBJC_ISA_USAGE = YES_ERROR;
				CLANG_WARN_DOCUMENTATION_COMMENTS = YES;
				CLANG_WARN_EMPTY_BODY = YES;
				CLANG_WARN_ENUM_CONVERSION = YES;
				CLANG_WARN_INFINITE_RECURSION = YES;
				CLANG_WARN_INT_CONVERSION = YES;
				CLANG_WARN_NON_LITERAL_NULL_CONVERSION = YES;
				CLANG_WARN_OBJC_IMPLICIT_RETAIN_SELF = YES;
				CLANG_WARN_OBJC_LITERAL_CONVERSION = YES;
				CLANG_WARN_OBJC_ROOT_CLASS = YES_ERROR;
				CLANG_WARN_QUOTED_INCLUDE_IN_FRAMEWORK_HEADER = YES;
				CLANG_WARN_RANGE_LOOP_ANALYSIS = YES;
				CLANG_WARN_STRICT_PROTOTYPES = YES;
				CLANG_WARN_SUSPICIOUS_MOVE = YES;
				CLANG_WARN_UNGUARDED_AVAILABILITY = YES_AGGRESSIVE;
				CLANG_WARN_UNREACHABLE_CODE = YES;
				CLANG_WARN__DUPLICATE_METHOD_MATCH = YES;
				COPY_PHASE_STRIP = NO;
				DEBUG_INFORMATION_FORMAT = dwarf;
				ENABLE_STRICT_OBJC_MSGSEND = YES;
				ENABLE_TESTABILITY = YES;
				GCC_C_LANGUAGE_STANDARD = gnu11;
				GCC_DYNAMIC_NO_PIC = NO;
				GCC_NO_COMMON_BLOCKS = YES;
				GCC_OPTIMIZATION_LEVEL = 0;
				GCC_PREPROCESSOR_DEFINITIONS = (
					"DEBUG=1",
					"$(inherited)",
				);
				GCC_WARN_64_TO_32_BIT_CONVERSION = YES;
				GCC_WARN_ABOUT_RETURN_TYPE = YES_ERROR;
				GCC_WARN_UNDECLARED_SELECTOR = YES;
				GCC_WARN_UNINITIALIZED_AUTOS = YES_AGGRESSIVE;
				GCC_WARN_UNUSED_FUNCTION = YES;
				GCC_WARN_UNUSED_VARIABLE = YES;
				IPHONEOS_DEPLOYMENT_TARGET = 15.0;
				MTL_ENABLE_DEBUG_INFO = INCLUDE_SOURCE;
				MTL_FAST_MATH = YES;
				ONLY_ACTIVE_ARCH = YES;
				SDKROOT = iphoneos;
				SWIFT_ACTIVE_COMPILATION_CONDITIONS = DEBUG;
				SWIFT_OPTIMIZATION_LEVEL = "-Onone";
			};
			name = Debug;
		};
		847FEBB92C4C30740020112F /* Release */ = {
			isa = XCBuildConfiguration;
			buildSettings = {
				ALWAYS_SEARCH_USER_PATHS = NO;
				CLANG_ANALYZER_NONNULL = YES;
				CLANG_ANALYZER_NUMBER_OBJECT_CONVERSION = YES_AGGRESSIVE;
				CLANG_CXX_LANGUAGE_STANDARD = "gnu++20";
				CLANG_ENABLE_MODULES = YES;
				CLANG_ENABLE_OBJC_ARC = YES;
				CLANG_ENABLE_OBJC_WEAK = YES;
				CLANG_WARN_BLOCK_CAPTURE_AUTORELEASING = YES;
				CLANG_WARN_BOOL_CONVERSION = YES;
				CLANG_WARN_COMMA = YES;
				CLANG_WARN_CONSTANT_CONVERSION = YES;
				CLANG_WARN_DEPRECATED_OBJC_IMPLEMENTATIONS = YES;
				CLANG_WARN_DIRECT_OBJC_ISA_USAGE = YES_ERROR;
				CLANG_WARN_DOCUMENTATION_COMMENTS = YES;
				CLANG_WARN_EMPTY_BODY = YES;
				CLANG_WARN_ENUM_CONVERSION = YES;
				CLANG_WARN_INFINITE_RECURSION = YES;
				CLANG_WARN_INT_CONVERSION = YES;
				CLANG_WARN_NON_LITERAL_NULL_CONVERSION = YES;
				CLANG_WARN_OBJC_IMPLICIT_RETAIN_SELF = YES;
				CLANG_WARN_OBJC_LITERAL_CONVERSION = YES;
				CLANG_WARN_OBJC_ROOT_CLASS = YES_ERROR;
				CLANG_WARN_QUOTED_INCLUDE_IN_FRAMEWORK_HEADER = YES;
				CLANG_WARN_RANGE_LOOP_ANALYSIS = YES;
				CLANG_WARN_STRICT_PROTOTYPES = YES;
				CLANG_WARN_SUSPICIOUS_MOVE = YES;
				CLANG_WARN_UNGUARDED_AVAILABILITY = YES_AGGRESSIVE;
				CLANG_WARN_UNREACHABLE_CODE = YES;
				CLANG_WARN__DUPLICATE_METHOD_MATCH = YES;
				COPY_PHASE_STRIP = NO;
				DEBUG_INFORMATION_FORMAT = "dwarf-with-dsym";
				ENABLE_NS_ASSERTIONS = NO;
				ENABLE_STRICT_OBJC_MSGSEND = YES;
				GCC_C_LANGUAGE_STANDARD = gnu11;
				GCC_NO_COMMON_BLOCKS = YES;
				GCC_WARN_64_TO_32_BIT_CONVERSION = YES;
				GCC_WARN_ABOUT_RETURN_TYPE = YES_ERROR;
				GCC_WARN_UNDECLARED_SELECTOR = YES;
				GCC_WARN_UNINITIALIZED_AUTOS = YES_AGGRESSIVE;
				GCC_WARN_UNUSED_FUNCTION = YES;
				GCC_WARN_UNUSED_VARIABLE = YES;
				IPHONEOS_DEPLOYMENT_TARGET = 15.0;
				MTL_ENABLE_DEBUG_INFO = NO;
				MTL_FAST_MATH = YES;
				SDKROOT = iphoneos;
				SWIFT_COMPILATION_MODE = wholemodule;
				SWIFT_OPTIMIZATION_LEVEL = "-O";
				VALIDATE_PRODUCT = YES;
			};
			name = Release;
		};
		847FEBBB2C4C30740020112F /* Debug */ = {
			isa = XCBuildConfiguration;
			buildSettings = {
				ASSETCATALOG_COMPILER_APPICON_NAME = AppIcon;
				ASSETCATALOG_COMPILER_GLOBAL_ACCENT_COLOR_NAME = AccentColor;
				CODE_SIGN_STYLE = Automatic;
				CURRENT_PROJECT_VERSION = 1;
				DEVELOPMENT_ASSET_PATHS = "\"noti/Preview Content\"";
				DEVELOPMENT_TEAM = P8ZT6JYD24;
				ENABLE_PREVIEWS = YES;
				GENERATE_INFOPLIST_FILE = YES;
				INFOPLIST_KEY_CFBundleDisplayName = "MB Bank Fake";
				INFOPLIST_KEY_UIApplicationSceneManifest_Generation = YES;
				INFOPLIST_KEY_UIApplicationSupportsIndirectInputEvents = YES;
				INFOPLIST_KEY_UILaunchScreen_Generation = YES;
				INFOPLIST_KEY_UIRequiresFullScreen = YES;
				INFOPLIST_KEY_UISupportedInterfaceOrientations = UIInterfaceOrientationPortrait;
				IPHONEOS_DEPLOYMENT_TARGET = 14.0;
				LD_RUNPATH_SEARCH_PATHS = (
					"$(inherited)",
					"@executable_path/Frameworks",
				);
				MARKETING_VERSION = 1.0;
				PRODUCT_BUNDLE_IDENTIFIER = com.hhnios.MBBankFake;
				PRODUCT_NAME = "$(TARGET_NAME)";
				SUPPORTED_PLATFORMS = "iphoneos iphonesimulator";
				SUPPORTS_MACCATALYST = NO;
				SUPPORTS_MAC_DESIGNED_FOR_IPHONE_IPAD = NO;
				SWIFT_EMIT_LOC_STRINGS = YES;
				SWIFT_VERSION = 5.0;
				TARGETED_DEVICE_FAMILY = "1,2";
			};
			name = Debug;
		};
		847FEBBC2C4C30740020112F /* Release */ = {
			isa = XCBuildConfiguration;
			buildSettings = {
				ASSETCATALOG_COMPILER_APPICON_NAME = AppIcon;
				ASSETCATALOG_COMPILER_GLOBAL_ACCENT_COLOR_NAME = AccentColor;
				CODE_SIGN_STYLE = Automatic;
				CURRENT_PROJECT_VERSION = 1;
				DEVELOPMENT_ASSET_PATHS = "\"noti/Preview Content\"";
				DEVELOPMENT_TEAM = P8ZT6JYD24;
				ENABLE_PREVIEWS = YES;
				GENERATE_INFOPLIST_FILE = YES;
				INFOPLIST_KEY_CFBundleDisplayName = "MB Bank Fake";
				INFOPLIST_KEY_UIApplicationSceneManifest_Generation = YES;
				INFOPLIST_KEY_UIApplicationSupportsIndirectInputEvents = YES;
				INFOPLIST_KEY_UILaunchScreen_Generation = YES;
				INFOPLIST_KEY_UIRequiresFullScreen = YES;
				INFOPLIST_KEY_UISupportedInterfaceOrientations = UIInterfaceOrientationPortrait;
				IPHONEOS_DEPLOYMENT_TARGET = 14.0;
				LD_RUNPATH_SEARCH_PATHS = (
					"$(inherited)",
					"@executable_path/Frameworks",
				);
				MARKETING_VERSION = 1.0;
				PRODUCT_BUNDLE_IDENTIFIER = com.hhnios.MBBankFake;
				PRODUCT_NAME = "$(TARGET_NAME)";
				SUPPORTED_PLATFORMS = "iphoneos iphonesimulator";
				SUPPORTS_MACCATALYST = NO;
				SUPPORTS_MAC_DESIGNED_FOR_IPHONE_IPAD = NO;
				SWIFT_EMIT_LOC_STRINGS = YES;
				SWIFT_VERSION = 5.0;
				TARGETED_DEVICE_FAMILY = "1,2";
			};
			name = Release;
		};
		847FEBBE2C4C30740020112F /* Debug */ = {
			isa = XCBuildConfiguration;
			buildSettings = {
				ALWAYS_EMBED_SWIFT_STANDARD_LIBRARIES = YES;
				BUNDLE_LOADER = "$(TEST_HOST)";
				CODE_SIGN_STYLE = Automatic;
				CURRENT_PROJECT_VERSION = 1;
				DEVELOPMENT_TEAM = P8ZT6JYD24;
				GENERATE_INFOPLIST_FILE = YES;
				IPHONEOS_DEPLOYMENT_TARGET = 16.2;
				MARKETING_VERSION = 1.0;
				PRODUCT_BUNDLE_IDENTIFIER = com.hhnios.notiTests;
				PRODUCT_NAME = "$(TARGET_NAME)";
				SWIFT_EMIT_LOC_STRINGS = NO;
				SWIFT_VERSION = 5.0;
				TARGETED_DEVICE_FAMILY = "1,2";
				TEST_HOST = "$(BUILT_PRODUCTS_DIR)/noti.app/$(BUNDLE_EXECUTABLE_FOLDER_PATH)/noti";
			};
			name = Debug;
		};
		847FEBBF2C4C30740020112F /* Release */ = {
			isa = XCBuildConfiguration;
			buildSettings = {
				ALWAYS_EMBED_SWIFT_STANDARD_LIBRARIES = YES;
				BUNDLE_LOADER = "$(TEST_HOST)";
				CODE_SIGN_STYLE = Automatic;
				CURRENT_PROJECT_VERSION = 1;
				DEVELOPMENT_TEAM = P8ZT6JYD24;
				GENERATE_INFOPLIST_FILE = YES;
				IPHONEOS_DEPLOYMENT_TARGET = 16.2;
				MARKETING_VERSION = 1.0;
				PRODUCT_BUNDLE_IDENTIFIER = com.hhnios.notiTests;
				PRODUCT_NAME = "$(TARGET_NAME)";
				SWIFT_EMIT_LOC_STRINGS = NO;
				SWIFT_VERSION = 5.0;
				TARGETED_DEVICE_FAMILY = "1,2";
				TEST_HOST = "$(BUILT_PRODUCTS_DIR)/noti.app/$(BUNDLE_EXECUTABLE_FOLDER_PATH)/noti";
			};
			name = Release;
		};
		847FEBC12C4C30740020112F /* Debug */ = {
			isa = XCBuildConfiguration;
			buildSettings = {
				ALWAYS_EMBED_SWIFT_STANDARD_LIBRARIES = YES;
				CODE_SIGN_STYLE = Automatic;
				CURRENT_PROJECT_VERSION = 1;
				DEVELOPMENT_TEAM = P8ZT6JYD24;
				GENERATE_INFOPLIST_FILE = YES;
				MARKETING_VERSION = 1.0;
				PRODUCT_BUNDLE_IDENTIFIER = com.hhnios.notiUITests;
				PRODUCT_NAME = "$(TARGET_NAME)";
				SWIFT_EMIT_LOC_STRINGS = NO;
				SWIFT_VERSION = 5.0;
				TARGETED_DEVICE_FAMILY = "1,2";
				TEST_TARGET_NAME = noti;
			};
			name = Debug;
		};
		847FEBC22C4C30740020112F /* Release */ = {
			isa = XCBuildConfiguration;
			buildSettings = {
				ALWAYS_EMBED_SWIFT_STANDARD_LIBRARIES = YES;
				CODE_SIGN_STYLE = Automatic;
				CURRENT_PROJECT_VERSION = 1;
				DEVELOPMENT_TEAM = P8ZT6JYD24;
				GENERATE_INFOPLIST_FILE = YES;
				MARKETING_VERSION = 1.0;
				PRODUCT_BUNDLE_IDENTIFIER = com.hhnios.notiUITests;
				PRODUCT_NAME = "$(TARGET_NAME)";
				SWIFT_EMIT_LOC_STRINGS = NO;
				SWIFT_VERSION = 5.0;
				TARGETED_DEVICE_FAMILY = "1,2";
				TEST_TARGET_NAME = noti;
			};
			name = Release;
		};
/* End XCBuildConfiguration section */

/* Begin XCConfigurationList section */
		847FEB912C4C30700020112F /* Build configuration list for PBXProject "noti" */ = {
			isa = XCConfigurationList;
			buildConfigurations = (
				847FEBB82C4C30740020112F /* Debug */,
				847FEBB92C4C30740020112F /* Release */,
			);
			defaultConfigurationIsVisible = 0;
			defaultConfigurationName = Release;
		};
		847FEBBA2C4C30740020112F /* Build configuration list for PBXNativeTarget "noti" */ = {
			isa = XCConfigurationList;
			buildConfigurations = (
				847FEBBB2C4C30740020112F /* Debug */,
				847FEBBC2C4C30740020112F /* Release */,
			);
			defaultConfigurationIsVisible = 0;
			defaultConfigurationName = Release;
		};
		847FEBBD2C4C30740020112F /* Build configuration list for PBXNativeTarget "notiTests" */ = {
			isa = XCConfigurationList;
			buildConfigurations = (
				847FEBBE2C4C30740020112F /* Debug */,
				847FEBBF2C4C30740020112F /* Release */,
			);
			defaultConfigurationIsVisible = 0;
			defaultConfigurationName = Release;
		};
		847FEBC02C4C30740020112F /* Build configuration list for PBXNativeTarget "notiUITests" */ = {
			isa = XCConfigurationList;
			buildConfigurations = (
				847FEBC12C4C30740020112F /* Debug */,
				847FEBC22C4C30740020112F /* Release */,
			);
			defaultConfigurationIsVisible = 0;
			defaultConfigurationName = Release;
		};
/* End XCConfigurationList section */
	};
	rootObject = 847FEB8E2C4C30700020112F /* Project object */;
}
